
Microsoft Visual Studio Solution File, Format Version 12.00
# Visual Studio Version 16
VisualStudioVersion = 16.0.31025.194
MinimumVisualStudioVersion = 10.0.40219.1
Project("{FAE04EC0-301F-11D3-BF4B-00C04F79EFBC}") = "FirstDotNetApp", "FirstDotNetApp\FirstDotNetApp.csproj", "{25E71C66-0870-4E51-B64C-C7E454E0AE0C}"
EndProject
Global
	GlobalSection(SolutionConfigurationPlatforms) = preSolution
		Debug|Any CPU = Debug|Any CPU
		Release|Any CPU = Release|Any CPU
	EndGlobalSection
	GlobalSection(ProjectConfigurationPlatforms) = postSolution
		{25E71C66-0870-4E51-B64C-C7E454E0AE0C}.Debug|Any CPU.ActiveCfg = Debug|Any CPU
		{25E71C66-0870-4E51-B64C-C7E454E0AE0C}.Debug|Any CPU.Build.0 = Debug|Any CPU
		{25E71C66-0870-4E51-B64C-C7E454E0AE0C}.Release|Any CPU.ActiveCfg = Release|Any CPU
		{25E71C66-0870-4E51-B64C-C7E454E0AE0C}.Release|Any CPU.Build.0 = Release|Any CPU
	EndGlobalSection
	GlobalSection(SolutionProperties) = preSolution
		HideSolutionNode = FALSE
	EndGlobalSection
	GlobalSection(ExtensibilityGlobals) = postSolution
		SolutionGuid = {B2B99E3B-B2E3-4804-946C-F9AAA2FE30A9}
	EndGlobalSection
EndGlobal
